
Microsoft Visual Studio Solution File, Format Version 12.00
# Visual Studio Version 17
VisualStudioVersion = 17.8.34330.188
MinimumVisualStudioVersion = 10.0.40219.1
Project("{2150E333-8FDC-42A3-9474-1A3956D46DE8}") = "Task0", "Task0", "{D4D41C72-B2A9-40B4-B2FE-5DA1BE353AF6}"
EndProject
Project("{9A19103F-16F7-4668-BE54-9A1E7A4F7556}") = "Tyuiu.MaglevaniyBA.Sprint2.Task0.V5", "Tyuiu.MaglevaniyBA.Sprint1.Task0.V5\Tyuiu.MaglevaniyBA.Sprint2.Task0.V5.csproj", "{F794621D-00DB-421C-842D-EFC685250285}"
EndProject
Project("{9A19103F-16F7-4668-BE54-9A1E7A4F7556}") = "Tyuiu.MaglevaniyBA.Sprint2.Task0.V5.Lib", "Tyuiu.MaglevaniyBA.Sprint2.Task0.V5.Lib\Tyuiu.MaglevaniyBA.Sprint2.Task0.V5.Lib.csproj", "{6182F2B1-E9E2-42FF-AC3E-FECB50E35D4C}"
EndProject
Project("{FAE04EC0-301F-11D3-BF4B-00C04F79EFBC}") = "Tyuiu.MaglevaniyBA.Sprint2.Task0.V5.Test", "Tyuiu.MaglevaniyBA.Sprint2.Task0.V5.Test\Tyuiu.MaglevaniyBA.Sprint2.Task0.V5.Test.csproj", "{629230DD-C334-470E-A224-604C0609D94E}"
EndProject
Global
	GlobalSection(SolutionConfigurationPlatforms) = preSolution
		Debug|Any CPU = Debug|Any CPU
		Release|Any CPU = Release|Any CPU
	EndGlobalSection
	GlobalSection(ProjectConfigurationPlatforms) = postSolution
		{F794621D-00DB-421C-842D-EFC685250285}.Debug|Any CPU.ActiveCfg = Debug|Any CPU
		{F794621D-00DB-421C-842D-EFC685250285}.Debug|Any CPU.Build.0 = Debug|Any CPU
		{F794621D-00DB-421C-842D-EFC685250285}.Release|Any CPU.ActiveCfg = Release|Any CPU
		{F794621D-00DB-421C-842D-EFC685250285}.Release|Any CPU.Build.0 = Release|Any CPU
		{6182F2B1-E9E2-42FF-AC3E-FECB50E35D4C}.Debug|Any CPU.ActiveCfg = Debug|Any CPU
		{6182F2B1-E9E2-42FF-AC3E-FECB50E35D4C}.Debug|Any CPU.Build.0 = Debug|Any CPU
		{6182F2B1-E9E2-42FF-AC3E-FECB50E35D4C}.Release|Any CPU.ActiveCfg = Release|Any CPU
		{6182F2B1-E9E2-42FF-AC3E-FECB50E35D4C}.Release|Any CPU.Build.0 = Release|Any CPU
		{629230DD-C334-470E-A224-604C0609D94E}.Debug|Any CPU.ActiveCfg = Debug|Any CPU
		{629230DD-C334-470E-A224-604C0609D94E}.Debug|Any CPU.Build.0 = Debug|Any CPU
		{629230DD-C334-470E-A224-604C0609D94E}.Release|Any CPU.ActiveCfg = Release|Any CPU
		{629230DD-C334-470E-A224-604C0609D94E}.Release|Any CPU.Build.0 = Release|Any CPU
	EndGlobalSection
	GlobalSection(SolutionProperties) = preSolution
		HideSolutionNode = FALSE
	EndGlobalSection
	GlobalSection(NestedProjects) = preSolution
		{F794621D-00DB-421C-842D-EFC685250285} = {D4D41C72-B2A9-40B4-B2FE-5DA1BE353AF6}
		{6182F2B1-E9E2-42FF-AC3E-FECB50E35D4C} = {D4D41C72-B2A9-40B4-B2FE-5DA1BE353AF6}
		{629230DD-C334-470E-A224-604C0609D94E} = {D4D41C72-B2A9-40B4-B2FE-5DA1BE353AF6}
	EndGlobalSection
	GlobalSection(ExtensibilityGlobals) = postSolution
		SolutionGuid = {4C2C0A4C-FDF4-417D-BFE9-45BC673315C0}
	EndGlobalSection
EndGlobal
