
Microsoft Visual Studio Solution File, Format Version 12.00
# Visual Studio Version 17
VisualStudioVersion = 17.8.34330.188
MinimumVisualStudioVersion = 10.0.40219.1
Project("{2150E333-8FDC-42A3-9474-1A3956D46DE8}") = "Task0", "Task0", "{D4D41C72-B2A9-40B4-B2FE-5DA1BE353AF6}"
EndProject
Project("{9A19103F-16F7-4668-BE54-9A1E7A4F7556}") = "Tyuiu.MaglevaniyBA.Sprint2.Task0.V5.Lib", "Tyuiu.MaglevaniyBA.Sprint2.Task0.V5.Lib\Tyuiu.MaglevaniyBA.Sprint2.Task0.V5.Lib.csproj", "{6182F2B1-E9E2-42FF-AC3E-FECB50E35D4C}"
EndProject
Project("{9A19103F-16F7-4668-BE54-9A1E7A4F7556}") = "Tyuiu.MaglevaniyBA.Sprint2.Task0.V5.Test", "Tyuiu.MaglevaniyBA.Sprint2.Task0.V5.Test\Tyuiu.MaglevaniyBA.Sprint2.Task0.V5.Test.csproj", "{629230DD-C334-470E-A224-604C0609D94E}"
EndProject
Project("{FAE04EC0-301F-11D3-BF4B-00C04F79EFBC}") = "Tyuiu.MaglevaniyBA.Sprint2.Task0.V5", "Tyuiu.MaglevaniyBA.Sprint2.Task0.V5\Tyuiu.MaglevaniyBA.Sprint2.Task0.V5.csproj", "{F4B1FA7B-326A-498D-8F79-4E0E6554E535}"
EndProject
Project("{2150E333-8FDC-42A3-9474-1A3956D46DE8}") = "Task1", "Task1", "{814BE868-F215-44D8-95B3-9388542494D3}"
EndProject
Project("{FAE04EC0-301F-11D3-BF4B-00C04F79EFBC}") = "Tyuiu.MaglevaniyBA.Sprint2.Task1.V2", "Tyuiu.MaglevaniyBA.Sprint2.Task1.V2\Tyuiu.MaglevaniyBA.Sprint2.Task1.V2.csproj", "{2C5B2D3C-5110-48F2-9577-C4B9F6E1D833}"
EndProject
Project("{FAE04EC0-301F-11D3-BF4B-00C04F79EFBC}") = "Tyuiu.MaglevaniyBA.Sprint2.Task1.V2.Lib", "Tyuiu.MaglevaniyBA.Sprint2.Task1.V2.Lib\Tyuiu.MaglevaniyBA.Sprint2.Task1.V2.Lib.csproj", "{0301A972-615E-4640-A06B-7681E7367A7E}"
EndProject
Project("{FAE04EC0-301F-11D3-BF4B-00C04F79EFBC}") = "Tyuiu.MaglevaniyBA.Sprint2.Task1.V2.Test", "Tyuiu.MaglevaniyBA.Sprint2.Task1.V2.Test\Tyuiu.MaglevaniyBA.Sprint2.Task1.V2.Test.csproj", "{03AE7FCB-8359-45D7-AEB6-03116B0022A5}"
EndProject
Project("{2150E333-8FDC-42A3-9474-1A3956D46DE8}") = "Task2", "Task2", "{F1888EE0-42BE-4BC8-972E-84035824C2A5}"
EndProject
Project("{FAE04EC0-301F-11D3-BF4B-00C04F79EFBC}") = "Tyuiu.MaglevaniyBA.Sprint2.Task2.V18", "Tyuiu.MaglevaniyBA.Sprint2.Task2.V18\Tyuiu.MaglevaniyBA.Sprint2.Task2.V18.csproj", "{146EB6B3-1029-4C39-80EF-DE1C1CEA9998}"
EndProject
Project("{FAE04EC0-301F-11D3-BF4B-00C04F79EFBC}") = "Tyuiu.MaglevaniyBA.Sprint2.Task2.V18.Lib", "Tyuiu.MaglevaniyBA.Sprint2.Task2.V18.Lib\Tyuiu.MaglevaniyBA.Sprint2.Task2.V18.Lib.csproj", "{46FEA256-61B3-41CB-A615-2874BCAE9A00}"
EndProject
Project("{FAE04EC0-301F-11D3-BF4B-00C04F79EFBC}") = "Tyuiu.MaglevaniyBA.Sprint2.Task2.V18.Test", "Tyuiu.MaglevaniyBA.Sprint2.Task2.V18.Test\Tyuiu.MaglevaniyBA.Sprint2.Task2.V18.Test.csproj", "{B2299A75-9681-41B1-9EFE-6560B5C655DF}"
EndProject
Project("{2150E333-8FDC-42A3-9474-1A3956D46DE8}") = "Task3", "Task3", "{8462030F-F833-4B07-9984-59FDEC02F37D}"
EndProject
Project("{FAE04EC0-301F-11D3-BF4B-00C04F79EFBC}") = "Tyuiu.MaglevaniyBA.Sprint2.Task3.V9", "Tyuiu.MaglevaniyBA.Sprint2.Task3.V9\Tyuiu.MaglevaniyBA.Sprint2.Task3.V9.csproj", "{6D58A64D-28F4-46A0-88A5-F6E312B8E806}"
EndProject
Project("{FAE04EC0-301F-11D3-BF4B-00C04F79EFBC}") = "Tyuiu.MaglevaniyBA.Sprint2.Task3.V9.Lib", "Tyuiu.MaglevaniyBA.Sprint2.Task3.V9.Lib\Tyuiu.MaglevaniyBA.Sprint2.Task3.V9.Lib.csproj", "{5ADF2FB7-8D8F-466E-9F43-DD7075A02B44}"
EndProject
Project("{FAE04EC0-301F-11D3-BF4B-00C04F79EFBC}") = "Tyuiu.MaglevaniyBA.Sprint2.Task3.V9.Test", "Tyuiu.MaglevaniyBA.Sprint2.Task3.V9.Test\Tyuiu.MaglevaniyBA.Sprint2.Task3.V9.Test.csproj", "{4CF88C24-3E4D-4432-B12D-908F16196CC9}"
EndProject
Project("{2150E333-8FDC-42A3-9474-1A3956D46DE8}") = "Task4", "Task4", "{FB4698BF-76DF-482B-B962-28EFB781BD5E}"
EndProject
Project("{2150E333-8FDC-42A3-9474-1A3956D46DE8}") = "Task5", "Task5", "{9DDCA93E-2704-40D3-B728-8A98CEC35FBE}"
EndProject
Project("{2150E333-8FDC-42A3-9474-1A3956D46DE8}") = "Task6", "Task6", "{020E1F35-F396-4767-9B55-FDA3D320CE8F}"
EndProject
Project("{2150E333-8FDC-42A3-9474-1A3956D46DE8}") = "Task7", "Task7", "{5A715DCC-8D8A-41A0-A2B0-750B34B6EE5C}"
EndProject
Project("{FAE04EC0-301F-11D3-BF4B-00C04F79EFBC}") = "Tyuiu.MaglevaniyBA.Sprint2.Task4.V9", "Tyuiu.MaglevaniyBA.Sprint2.Task4.V9\Tyuiu.MaglevaniyBA.Sprint2.Task4.V9.csproj", "{655E821C-41FA-4E94-A4B0-A88758845D08}"
EndProject
Project("{FAE04EC0-301F-11D3-BF4B-00C04F79EFBC}") = "Tyuiu.MaglevaniyBA.Sprint2.Task4.V9.Lib", "Tyuiu.MaglevaniyBA.Sprint2.Task4.V9.Lib\Tyuiu.MaglevaniyBA.Sprint2.Task4.V9.Lib.csproj", "{8D942F84-2681-4F4E-903D-2AA60FD2DD3D}"
EndProject
Project("{FAE04EC0-301F-11D3-BF4B-00C04F79EFBC}") = "Tyuiu.MaglevaniyBA.Sprint2.Task4.V9.Test", "Tyuiu.MaglevaniyBA.Sprint2.Task4.V9.Test\Tyuiu.MaglevaniyBA.Sprint2.Task4.V9.Test.csproj", "{61575B98-EB86-4692-A5A3-EED7C6309914}"
EndProject
Project("{FAE04EC0-301F-11D3-BF4B-00C04F79EFBC}") = "Tyuiu.MaglevaniyBA.Sprint2.Task5.V3", "Tyuiu.MaglevaniyBA.Sprint2.Task5.V3\Tyuiu.MaglevaniyBA.Sprint2.Task5.V3.csproj", "{54A5D990-F4BD-45F0-8C9C-40199313078A}"
EndProject
Project("{FAE04EC0-301F-11D3-BF4B-00C04F79EFBC}") = "Tyuiu.MaglevaniyBA.Sprint2.Task5.V3.Lib", "Tyuiu.MaglevaniyBA.Sprint2.Task5.V3.Lib\Tyuiu.MaglevaniyBA.Sprint2.Task5.V3.Lib.csproj", "{6D147F02-3658-4D54-BC45-4F0D5A1A45BD}"
EndProject
Project("{FAE04EC0-301F-11D3-BF4B-00C04F79EFBC}") = "Tyuiu.MaglevaniyBA.Sprint2.Task5.V3.Test", "Tyuiu.MaglevaniyBA.Sprint2.Task5.V3.Test\Tyuiu.MaglevaniyBA.Sprint2.Task5.V3.Test.csproj", "{5D97CCE3-4CB0-4809-9D53-982E5D0FA670}"
EndProject
Project("{FAE04EC0-301F-11D3-BF4B-00C04F79EFBC}") = "Tyuiu.MaglevaniyBA.Sprint2.Task6.V11", "Tyuiu.MaglevaniyBA.Sprint2.Task6.V11\Tyuiu.MaglevaniyBA.Sprint2.Task6.V11.csproj", "{A8ACCA68-8C7C-4FA6-AC42-D12BA4A33207}"
EndProject
Project("{FAE04EC0-301F-11D3-BF4B-00C04F79EFBC}") = "Tyuiu.MaglevaniyBA.Sprint2.Task6.V11.Lib", "Tyuiu.MaglevaniyBA.Sprint2.Task6.V11.Lib\Tyuiu.MaglevaniyBA.Sprint2.Task6.V11.Lib.csproj", "{CDEF2F4C-BA22-4E47-8470-F7BBC63E04FC}"
EndProject
Project("{FAE04EC0-301F-11D3-BF4B-00C04F79EFBC}") = "Tyuiu.MaglevaniyBA.Sprint2.Task6.V11.Test", "Tyuiu.MaglevaniyBA.Sprint2.Task6.V11.Test\Tyuiu.MaglevaniyBA.Sprint2.Task6.V11.Test.csproj", "{16742BDF-E044-4DF9-BE4D-CDF015474D9A}"
EndProject
Project("{FAE04EC0-301F-11D3-BF4B-00C04F79EFBC}") = "Tyuiu.MaglevaniyBA.Sprint2.Task7.V13", "Tyuiu.MaglevaniyBA.Sprint2.Task7.V13\Tyuiu.MaglevaniyBA.Sprint2.Task7.V13.csproj", "{B10F0855-779B-4968-988F-7D6AF2663688}"
EndProject
Project("{FAE04EC0-301F-11D3-BF4B-00C04F79EFBC}") = "Tyuiu.MaglevaniyBA.Sprint2.Task7.V13.Lib", "Tyuiu.MaglevaniyBA.Sprint2.Task7.V13.Lib\Tyuiu.MaglevaniyBA.Sprint2.Task7.V13.Lib.csproj", "{583F8FA3-F206-45F9-8CA1-B5AA4DF098DD}"
EndProject
Project("{FAE04EC0-301F-11D3-BF4B-00C04F79EFBC}") = "Tyuiu.MaglevaniyBA.Sprint2.Task7.V13.Test", "Tyuiu.MaglevaniyBA.Sprint2.Task7.V13.Test\Tyuiu.MaglevaniyBA.Sprint2.Task7.V13.Test.csproj", "{DAE8EAFE-8D9C-46CB-867D-3BC32A9990D9}"
EndProject
Global
	GlobalSection(SolutionConfigurationPlatforms) = preSolution
		Debug|Any CPU = Debug|Any CPU
		Release|Any CPU = Release|Any CPU
	EndGlobalSection
	GlobalSection(ProjectConfigurationPlatforms) = postSolution
		{6182F2B1-E9E2-42FF-AC3E-FECB50E35D4C}.Debug|Any CPU.ActiveCfg = Debug|Any CPU
		{6182F2B1-E9E2-42FF-AC3E-FECB50E35D4C}.Debug|Any CPU.Build.0 = Debug|Any CPU
		{6182F2B1-E9E2-42FF-AC3E-FECB50E35D4C}.Release|Any CPU.ActiveCfg = Release|Any CPU
		{6182F2B1-E9E2-42FF-AC3E-FECB50E35D4C}.Release|Any CPU.Build.0 = Release|Any CPU
		{629230DD-C334-470E-A224-604C0609D94E}.Debug|Any CPU.ActiveCfg = Debug|Any CPU
		{629230DD-C334-470E-A224-604C0609D94E}.Debug|Any CPU.Build.0 = Debug|Any CPU
		{629230DD-C334-470E-A224-604C0609D94E}.Release|Any CPU.ActiveCfg = Release|Any CPU
		{629230DD-C334-470E-A224-604C0609D94E}.Release|Any CPU.Build.0 = Release|Any CPU
		{F4B1FA7B-326A-498D-8F79-4E0E6554E535}.Debug|Any CPU.ActiveCfg = Debug|Any CPU
		{F4B1FA7B-326A-498D-8F79-4E0E6554E535}.Debug|Any CPU.Build.0 = Debug|Any CPU
		{F4B1FA7B-326A-498D-8F79-4E0E6554E535}.Release|Any CPU.ActiveCfg = Release|Any CPU
		{F4B1FA7B-326A-498D-8F79-4E0E6554E535}.Release|Any CPU.Build.0 = Release|Any CPU
		{2C5B2D3C-5110-48F2-9577-C4B9F6E1D833}.Debug|Any CPU.ActiveCfg = Debug|Any CPU
		{2C5B2D3C-5110-48F2-9577-C4B9F6E1D833}.Debug|Any CPU.Build.0 = Debug|Any CPU
		{2C5B2D3C-5110-48F2-9577-C4B9F6E1D833}.Release|Any CPU.ActiveCfg = Release|Any CPU
		{2C5B2D3C-5110-48F2-9577-C4B9F6E1D833}.Release|Any CPU.Build.0 = Release|Any CPU
		{0301A972-615E-4640-A06B-7681E7367A7E}.Debug|Any CPU.ActiveCfg = Debug|Any CPU
		{0301A972-615E-4640-A06B-7681E7367A7E}.Debug|Any CPU.Build.0 = Debug|Any CPU
		{0301A972-615E-4640-A06B-7681E7367A7E}.Release|Any CPU.ActiveCfg = Release|Any CPU
		{0301A972-615E-4640-A06B-7681E7367A7E}.Release|Any CPU.Build.0 = Release|Any CPU
		{03AE7FCB-8359-45D7-AEB6-03116B0022A5}.Debug|Any CPU.ActiveCfg = Debug|Any CPU
		{03AE7FCB-8359-45D7-AEB6-03116B0022A5}.Debug|Any CPU.Build.0 = Debug|Any CPU
		{03AE7FCB-8359-45D7-AEB6-03116B0022A5}.Release|Any CPU.ActiveCfg = Release|Any CPU
		{03AE7FCB-8359-45D7-AEB6-03116B0022A5}.Release|Any CPU.Build.0 = Release|Any CPU
		{146EB6B3-1029-4C39-80EF-DE1C1CEA9998}.Debug|Any CPU.ActiveCfg = Debug|Any CPU
		{146EB6B3-1029-4C39-80EF-DE1C1CEA9998}.Debug|Any CPU.Build.0 = Debug|Any CPU
		{146EB6B3-1029-4C39-80EF-DE1C1CEA9998}.Release|Any CPU.ActiveCfg = Release|Any CPU
		{146EB6B3-1029-4C39-80EF-DE1C1CEA9998}.Release|Any CPU.Build.0 = Release|Any CPU
		{46FEA256-61B3-41CB-A615-2874BCAE9A00}.Debug|Any CPU.ActiveCfg = Debug|Any CPU
		{46FEA256-61B3-41CB-A615-2874BCAE9A00}.Debug|Any CPU.Build.0 = Debug|Any CPU
		{46FEA256-61B3-41CB-A615-2874BCAE9A00}.Release|Any CPU.ActiveCfg = Release|Any CPU
		{46FEA256-61B3-41CB-A615-2874BCAE9A00}.Release|Any CPU.Build.0 = Release|Any CPU
		{B2299A75-9681-41B1-9EFE-6560B5C655DF}.Debug|Any CPU.ActiveCfg = Debug|Any CPU
		{B2299A75-9681-41B1-9EFE-6560B5C655DF}.Debug|Any CPU.Build.0 = Debug|Any CPU
		{B2299A75-9681-41B1-9EFE-6560B5C655DF}.Release|Any CPU.ActiveCfg = Release|Any CPU
		{B2299A75-9681-41B1-9EFE-6560B5C655DF}.Release|Any CPU.Build.0 = Release|Any CPU
		{6D58A64D-28F4-46A0-88A5-F6E312B8E806}.Debug|Any CPU.ActiveCfg = Debug|Any CPU
		{6D58A64D-28F4-46A0-88A5-F6E312B8E806}.Debug|Any CPU.Build.0 = Debug|Any CPU
		{6D58A64D-28F4-46A0-88A5-F6E312B8E806}.Release|Any CPU.ActiveCfg = Release|Any CPU
		{6D58A64D-28F4-46A0-88A5-F6E312B8E806}.Release|Any CPU.Build.0 = Release|Any CPU
		{5ADF2FB7-8D8F-466E-9F43-DD7075A02B44}.Debug|Any CPU.ActiveCfg = Debug|Any CPU
		{5ADF2FB7-8D8F-466E-9F43-DD7075A02B44}.Debug|Any CPU.Build.0 = Debug|Any CPU
		{5ADF2FB7-8D8F-466E-9F43-DD7075A02B44}.Release|Any CPU.ActiveCfg = Release|Any CPU
		{5ADF2FB7-8D8F-466E-9F43-DD7075A02B44}.Release|Any CPU.Build.0 = Release|Any CPU
		{4CF88C24-3E4D-4432-B12D-908F16196CC9}.Debug|Any CPU.ActiveCfg = Debug|Any CPU
		{4CF88C24-3E4D-4432-B12D-908F16196CC9}.Debug|Any CPU.Build.0 = Debug|Any CPU
		{4CF88C24-3E4D-4432-B12D-908F16196CC9}.Release|Any CPU.ActiveCfg = Release|Any CPU
		{4CF88C24-3E4D-4432-B12D-908F16196CC9}.Release|Any CPU.Build.0 = Release|Any CPU
		{655E821C-41FA-4E94-A4B0-A88758845D08}.Debug|Any CPU.ActiveCfg = Debug|Any CPU
		{655E821C-41FA-4E94-A4B0-A88758845D08}.Debug|Any CPU.Build.0 = Debug|Any CPU
		{655E821C-41FA-4E94-A4B0-A88758845D08}.Release|Any CPU.ActiveCfg = Release|Any CPU
		{655E821C-41FA-4E94-A4B0-A88758845D08}.Release|Any CPU.Build.0 = Release|Any CPU
		{8D942F84-2681-4F4E-903D-2AA60FD2DD3D}.Debug|Any CPU.ActiveCfg = Debug|Any CPU
		{8D942F84-2681-4F4E-903D-2AA60FD2DD3D}.Debug|Any CPU.Build.0 = Debug|Any CPU
		{8D942F84-2681-4F4E-903D-2AA60FD2DD3D}.Release|Any CPU.ActiveCfg = Release|Any CPU
		{8D942F84-2681-4F4E-903D-2AA60FD2DD3D}.Release|Any CPU.Build.0 = Release|Any CPU
		{61575B98-EB86-4692-A5A3-EED7C6309914}.Debug|Any CPU.ActiveCfg = Debug|Any CPU
		{61575B98-EB86-4692-A5A3-EED7C6309914}.Debug|Any CPU.Build.0 = Debug|Any CPU
		{61575B98-EB86-4692-A5A3-EED7C6309914}.Release|Any CPU.ActiveCfg = Release|Any CPU
		{61575B98-EB86-4692-A5A3-EED7C6309914}.Release|Any CPU.Build.0 = Release|Any CPU
		{54A5D990-F4BD-45F0-8C9C-40199313078A}.Debug|Any CPU.ActiveCfg = Debug|Any CPU
		{54A5D990-F4BD-45F0-8C9C-40199313078A}.Debug|Any CPU.Build.0 = Debug|Any CPU
		{54A5D990-F4BD-45F0-8C9C-40199313078A}.Release|Any CPU.ActiveCfg = Release|Any CPU
		{54A5D990-F4BD-45F0-8C9C-40199313078A}.Release|Any CPU.Build.0 = Release|Any CPU
		{6D147F02-3658-4D54-BC45-4F0D5A1A45BD}.Debug|Any CPU.ActiveCfg = Debug|Any CPU
		{6D147F02-3658-4D54-BC45-4F0D5A1A45BD}.Debug|Any CPU.Build.0 = Debug|Any CPU
		{6D147F02-3658-4D54-BC45-4F0D5A1A45BD}.Release|Any CPU.ActiveCfg = Release|Any CPU
		{6D147F02-3658-4D54-BC45-4F0D5A1A45BD}.Release|Any CPU.Build.0 = Release|Any CPU
		{5D97CCE3-4CB0-4809-9D53-982E5D0FA670}.Debug|Any CPU.ActiveCfg = Debug|Any CPU
		{5D97CCE3-4CB0-4809-9D53-982E5D0FA670}.Debug|Any CPU.Build.0 = Debug|Any CPU
		{5D97CCE3-4CB0-4809-9D53-982E5D0FA670}.Release|Any CPU.ActiveCfg = Release|Any CPU
		{5D97CCE3-4CB0-4809-9D53-982E5D0FA670}.Release|Any CPU.Build.0 = Release|Any CPU
		{A8ACCA68-8C7C-4FA6-AC42-D12BA4A33207}.Debug|Any CPU.ActiveCfg = Debug|Any CPU
		{A8ACCA68-8C7C-4FA6-AC42-D12BA4A33207}.Debug|Any CPU.Build.0 = Debug|Any CPU
		{A8ACCA68-8C7C-4FA6-AC42-D12BA4A33207}.Release|Any CPU.ActiveCfg = Release|Any CPU
		{A8ACCA68-8C7C-4FA6-AC42-D12BA4A33207}.Release|Any CPU.Build.0 = Release|Any CPU
		{CDEF2F4C-BA22-4E47-8470-F7BBC63E04FC}.Debug|Any CPU.ActiveCfg = Debug|Any CPU
		{CDEF2F4C-BA22-4E47-8470-F7BBC63E04FC}.Debug|Any CPU.Build.0 = Debug|Any CPU
		{CDEF2F4C-BA22-4E47-8470-F7BBC63E04FC}.Release|Any CPU.ActiveCfg = Release|Any CPU
		{CDEF2F4C-BA22-4E47-8470-F7BBC63E04FC}.Release|Any CPU.Build.0 = Release|Any CPU
		{16742BDF-E044-4DF9-BE4D-CDF015474D9A}.Debug|Any CPU.ActiveCfg = Debug|Any CPU
		{16742BDF-E044-4DF9-BE4D-CDF015474D9A}.Debug|Any CPU.Build.0 = Debug|Any CPU
		{16742BDF-E044-4DF9-BE4D-CDF015474D9A}.Release|Any CPU.ActiveCfg = Release|Any CPU
		{16742BDF-E044-4DF9-BE4D-CDF015474D9A}.Release|Any CPU.Build.0 = Release|Any CPU
		{B10F0855-779B-4968-988F-7D6AF2663688}.Debug|Any CPU.ActiveCfg = Debug|Any CPU
		{B10F0855-779B-4968-988F-7D6AF2663688}.Debug|Any CPU.Build.0 = Debug|Any CPU
		{B10F0855-779B-4968-988F-7D6AF2663688}.Release|Any CPU.ActiveCfg = Release|Any CPU
		{B10F0855-779B-4968-988F-7D6AF2663688}.Release|Any CPU.Build.0 = Release|Any CPU
		{583F8FA3-F206-45F9-8CA1-B5AA4DF098DD}.Debug|Any CPU.ActiveCfg = Debug|Any CPU
		{583F8FA3-F206-45F9-8CA1-B5AA4DF098DD}.Debug|Any CPU.Build.0 = Debug|Any CPU
		{583F8FA3-F206-45F9-8CA1-B5AA4DF098DD}.Release|Any CPU.ActiveCfg = Release|Any CPU
		{583F8FA3-F206-45F9-8CA1-B5AA4DF098DD}.Release|Any CPU.Build.0 = Release|Any CPU
		{DAE8EAFE-8D9C-46CB-867D-3BC32A9990D9}.Debug|Any CPU.ActiveCfg = Debug|Any CPU
		{DAE8EAFE-8D9C-46CB-867D-3BC32A9990D9}.Debug|Any CPU.Build.0 = Debug|Any CPU
		{DAE8EAFE-8D9C-46CB-867D-3BC32A9990D9}.Release|Any CPU.ActiveCfg = Release|Any CPU
		{DAE8EAFE-8D9C-46CB-867D-3BC32A9990D9}.Release|Any CPU.Build.0 = Release|Any CPU
	EndGlobalSection
	GlobalSection(SolutionProperties) = preSolution
		HideSolutionNode = FALSE
	EndGlobalSection
	GlobalSection(NestedProjects) = preSolution
		{6182F2B1-E9E2-42FF-AC3E-FECB50E35D4C} = {D4D41C72-B2A9-40B4-B2FE-5DA1BE353AF6}
		{629230DD-C334-470E-A224-604C0609D94E} = {D4D41C72-B2A9-40B4-B2FE-5DA1BE353AF6}
		{F4B1FA7B-326A-498D-8F79-4E0E6554E535} = {D4D41C72-B2A9-40B4-B2FE-5DA1BE353AF6}
		{2C5B2D3C-5110-48F2-9577-C4B9F6E1D833} = {814BE868-F215-44D8-95B3-9388542494D3}
		{0301A972-615E-4640-A06B-7681E7367A7E} = {814BE868-F215-44D8-95B3-9388542494D3}
		{03AE7FCB-8359-45D7-AEB6-03116B0022A5} = {814BE868-F215-44D8-95B3-9388542494D3}
		{146EB6B3-1029-4C39-80EF-DE1C1CEA9998} = {F1888EE0-42BE-4BC8-972E-84035824C2A5}
		{46FEA256-61B3-41CB-A615-2874BCAE9A00} = {F1888EE0-42BE-4BC8-972E-84035824C2A5}
		{B2299A75-9681-41B1-9EFE-6560B5C655DF} = {F1888EE0-42BE-4BC8-972E-84035824C2A5}
		{6D58A64D-28F4-46A0-88A5-F6E312B8E806} = {8462030F-F833-4B07-9984-59FDEC02F37D}
		{5ADF2FB7-8D8F-466E-9F43-DD7075A02B44} = {8462030F-F833-4B07-9984-59FDEC02F37D}
		{4CF88C24-3E4D-4432-B12D-908F16196CC9} = {8462030F-F833-4B07-9984-59FDEC02F37D}
		{655E821C-41FA-4E94-A4B0-A88758845D08} = {FB4698BF-76DF-482B-B962-28EFB781BD5E}
		{8D942F84-2681-4F4E-903D-2AA60FD2DD3D} = {FB4698BF-76DF-482B-B962-28EFB781BD5E}
		{61575B98-EB86-4692-A5A3-EED7C6309914} = {FB4698BF-76DF-482B-B962-28EFB781BD5E}
		{54A5D990-F4BD-45F0-8C9C-40199313078A} = {9DDCA93E-2704-40D3-B728-8A98CEC35FBE}
		{6D147F02-3658-4D54-BC45-4F0D5A1A45BD} = {9DDCA93E-2704-40D3-B728-8A98CEC35FBE}
		{5D97CCE3-4CB0-4809-9D53-982E5D0FA670} = {9DDCA93E-2704-40D3-B728-8A98CEC35FBE}
		{A8ACCA68-8C7C-4FA6-AC42-D12BA4A33207} = {020E1F35-F396-4767-9B55-FDA3D320CE8F}
		{CDEF2F4C-BA22-4E47-8470-F7BBC63E04FC} = {020E1F35-F396-4767-9B55-FDA3D320CE8F}
		{16742BDF-E044-4DF9-BE4D-CDF015474D9A} = {020E1F35-F396-4767-9B55-FDA3D320CE8F}
		{B10F0855-779B-4968-988F-7D6AF2663688} = {5A715DCC-8D8A-41A0-A2B0-750B34B6EE5C}
		{583F8FA3-F206-45F9-8CA1-B5AA4DF098DD} = {5A715DCC-8D8A-41A0-A2B0-750B34B6EE5C}
		{DAE8EAFE-8D9C-46CB-867D-3BC32A9990D9} = {5A715DCC-8D8A-41A0-A2B0-750B34B6EE5C}
	EndGlobalSection
	GlobalSection(ExtensibilityGlobals) = postSolution
		SolutionGuid = {4C2C0A4C-FDF4-417D-BFE9-45BC673315C0}
	EndGlobalSection
EndGlobal
